
Microsoft Visual Studio Solution File, Format Version 12.00
# Visual Studio Version 17
VisualStudioVersion = 17.4.33103.184
MinimumVisualStudioVersion = 10.0.40219.1
Project("{FAE04EC0-301F-11D3-BF4B-00C04F79EFBC}") = "MovieStoreWebApi", "MovieStoreWebApi\MovieStoreWebApi.csproj", "{9761C093-8BB4-4E7B-9E11-288D4F7950AF}"
EndProject
Global
	GlobalSection(SolutionConfigurationPlatforms) = preSolution
		Debug|Any CPU = Debug|Any CPU
		Release|Any CPU = Release|Any CPU
	EndGlobalSection
	GlobalSection(ProjectConfigurationPlatforms) = postSolution
		{9761C093-8BB4-4E7B-9E11-288D4F7950AF}.Debug|Any CPU.ActiveCfg = Debug|Any CPU
		{9761C093-8BB4-4E7B-9E11-288D4F7950AF}.Debug|Any CPU.Build.0 = Debug|Any CPU
		{9761C093-8BB4-4E7B-9E11-288D4F7950AF}.Release|Any CPU.ActiveCfg = Release|Any CPU
		{9761C093-8BB4-4E7B-9E11-288D4F7950AF}.Release|Any CPU.Build.0 = Release|Any CPU
	EndGlobalSection
	GlobalSection(SolutionProperties) = preSolution
		HideSolutionNode = FALSE
	EndGlobalSection
	GlobalSection(ExtensibilityGlobals) = postSolution
		SolutionGuid = {277D274A-E76E-4FB5-9387-732AD76FAD23}
	EndGlobalSection
EndGlobal
